# THIS IS AN AUTOGENERATED FILE. DO NOT EDIT THIS FILE DIRECTLY.
# yarn lockfile v1


"@types/node@^12.7.5":
  version "12.7.5"
  resolved "https://registry.yarnpkg.com/@types/node/-/node-12.7.5.tgz#e19436e7f8e9b4601005d73673b6dc4784ffcc2f"
  integrity sha512-9fq4jZVhPNW8r+UYKnxF1e2HkDWOWKM5bC2/7c9wPV835I0aOrVbS/Hw/pWPk2uKrNXQqg9Z959Kz+IYDd5p3w==

jszip@2.5.0:
  version "2.5.0"
  resolved "https://registry.yarnpkg.com/jszip/-/jszip-2.5.0.tgz#7444fd8551ddf3e5da7198fea0c91bc8308cc274"
  integrity sha1-dET9hVHd8+XacZj+oMkbyDCMwnQ=
  dependencies:
    pako "~0.2.5"

node-zip@^1.1.1:
  version "1.1.1"
  resolved "https://registry.yarnpkg.com/node-zip/-/node-zip-1.1.1.tgz#94d1ad674a3cd46a1588dd736f4a9a78c757eb62"
  integrity sha1-lNGtZ0o81GoViN1zb0qaeMdX62I=
  dependencies:
    jszip "2.5.0"

pako@~0.2.5:
  version "0.2.9"
  resolved "https://registry.yarnpkg.com/pako/-/pako-0.2.9.tgz#f3f7522f4ef782348da8161bad9ecfd51bf83a75"
  integrity sha1-8/dSL073gjSNqBYbrZ7P1Rv4OnU=

typescript@^3.6.3:
  version "3.6.3"
  resolved "https://registry.yarnpkg.com/typescript/-/typescript-3.6.3.tgz#fea942fabb20f7e1ca7164ff626f1a9f3f70b4da"
  integrity sha512-N7bceJL1CtRQ2RiG0AQME13ksR7DiuQh/QehubYcghzv20tnh+MQnQIuJddTmsbqYj+dztchykemz0zFzlvdQw==
